PODS:
  - AFNetworking (2.4.1):
    - AFNetworking/NSURLConnection
    - AFNetworking/NSURLSession
    - AFNetworking/Reachability
    - AFNetworking/Security
    - AFNetworking/Serialization
    - AFNetworking/UIKit
  - AFNetworking/NSURLConnection (2.4.1):
    - AFNetworking/Reachability
    - AFNetworking/Security
    - AFNetworking/Serialization
  - AFNetworking/NSURLSession (2.4.1):
    - AFNetworking/Reachability
    - AFNetworking/Security
    - AFNetworking/Serialization
  - AFNetworking/Reachability (2.4.1)
  - AFNetworking/Security (2.4.1)
  - AFNetworking/Serialization (2.4.1)
  - AFNetworking/UIKit (2.4.1):
    - AFNetworking/NSURLConnection
    - AFNetworking/NSURLSession
  - ATLog (0.0.2)
  - CrashlyticsFramework (2.2.5)
  - KissXML (5.0)
  - MBProgressHUD (0.9)
  - SDWebImage (3.7.1):
    - SDWebImage/Core
  - SDWebImage/Core (3.7.1)
  - UIActivityIndicator-for-SDWebImage (1.2):
    - SDWebImage (~> 3.7)

DEPENDENCIES:
  - AFNetworking
  - ATLog
  - CrashlyticsFramework
  - KissXML
  - MBProgressHUD
  - SDWebImage
  - UIActivityIndicator-for-SDWebImage

SPEC CHECKSUMS:
  AFNetworking: 0aabc6fae66d6e5d039eeb21c315843c7aae51ab
  ATLog: bfbca38a9bf3cfe7eef2a8018309c22e50f40eb1
  CrashlyticsFramework: 82d124501d97d3b5d49bd6209dea21c6b7f0a33d
  KissXML: e537c38b18ede903ee6de45953a9bd86c131ebe9
  MBProgressHUD: 2038dbcf3dce73215abed6001657043d53aa79a8
  SDWebImage: 116e88633b5b416ea0ca4b334a4ac59cf72dd38d
  UIActivityIndicator-for-SDWebImage: 8bd92c15280fbe54816448c6b14674145eee05c7

COCOAPODS: 0.34.4
